
Microsoft Visual Studio Solution File, Format Version 12.00
# Visual Studio 2012
Project("{FAE04EC0-301F-11D3-BF4B-00C04F79EFBC}") = "AutoMailSave", "AutoMailSave\AutoMailSave.csproj", "{4A9D21BA-82ED-4606-903D-0AFE574978A2}"
EndProject
Project("{6141683F-8A12-4E36-9623-2EB02B2C2303}") = "OfficeAddInSetup", "OfficeAddInSetup\OfficeAddInSetup.isproj", "{46E5B979-9B62-43CD-AE58-66FA7FC37F58}"
	ProjectSection(ProjectDependencies) = postProject
		{4A9D21BA-82ED-4606-903D-0AFE574978A2} = {4A9D21BA-82ED-4606-903D-0AFE574978A2}
	EndProjectSection
EndProject
Global
	GlobalSection(SolutionConfigurationPlatforms) = preSolution
		CD_ROM|Any CPU = CD_ROM|Any CPU
		Debug|Any CPU = Debug|Any CPU
		DVD-5|Any CPU = DVD-5|Any CPU
		Release|Any CPU = Release|Any CPU
		SingleImage|Any CPU = SingleImage|Any CPU
	EndGlobalSection
	GlobalSection(ProjectConfigurationPlatforms) = postSolution
		{4A9D21BA-82ED-4606-903D-0AFE574978A2}.CD_ROM|Any CPU.ActiveCfg = Release|Any CPU
		{4A9D21BA-82ED-4606-903D-0AFE574978A2}.CD_ROM|Any CPU.Build.0 = Release|Any CPU
		{4A9D21BA-82ED-4606-903D-0AFE574978A2}.Debug|Any CPU.ActiveCfg = Debug|Any CPU
		{4A9D21BA-82ED-4606-903D-0AFE574978A2}.Debug|Any CPU.Build.0 = Debug|Any CPU
		{4A9D21BA-82ED-4606-903D-0AFE574978A2}.DVD-5|Any CPU.ActiveCfg = Debug|Any CPU
		{4A9D21BA-82ED-4606-903D-0AFE574978A2}.DVD-5|Any CPU.Build.0 = Debug|Any CPU
		{4A9D21BA-82ED-4606-903D-0AFE574978A2}.Release|Any CPU.ActiveCfg = Release|Any CPU
		{4A9D21BA-82ED-4606-903D-0AFE574978A2}.Release|Any CPU.Build.0 = Release|Any CPU
		{4A9D21BA-82ED-4606-903D-0AFE574978A2}.SingleImage|Any CPU.ActiveCfg = Release|Any CPU
		{4A9D21BA-82ED-4606-903D-0AFE574978A2}.SingleImage|Any CPU.Build.0 = Release|Any CPU
		{46E5B979-9B62-43CD-AE58-66FA7FC37F58}.CD_ROM|Any CPU.ActiveCfg = CD_ROM
		{46E5B979-9B62-43CD-AE58-66FA7FC37F58}.CD_ROM|Any CPU.Build.0 = CD_ROM
		{46E5B979-9B62-43CD-AE58-66FA7FC37F58}.Debug|Any CPU.ActiveCfg = DVD-5
		{46E5B979-9B62-43CD-AE58-66FA7FC37F58}.Debug|Any CPU.Build.0 = DVD-5
		{46E5B979-9B62-43CD-AE58-66FA7FC37F58}.DVD-5|Any CPU.ActiveCfg = DVD-5
		{46E5B979-9B62-43CD-AE58-66FA7FC37F58}.DVD-5|Any CPU.Build.0 = DVD-5
		{46E5B979-9B62-43CD-AE58-66FA7FC37F58}.Release|Any CPU.ActiveCfg = SingleImage
		{46E5B979-9B62-43CD-AE58-66FA7FC37F58}.Release|Any CPU.Build.0 = SingleImage
		{46E5B979-9B62-43CD-AE58-66FA7FC37F58}.SingleImage|Any CPU.ActiveCfg = SingleImage
		{46E5B979-9B62-43CD-AE58-66FA7FC37F58}.SingleImage|Any CPU.Build.0 = SingleImage
	EndGlobalSection
	GlobalSection(SolutionProperties) = preSolution
		HideSolutionNode = FALSE
	EndGlobalSection
EndGlobal
